// !$*UTF8*$!
{
	archiveVersion = 1;
	classes = {
	};
	objectVersion = 56;
	objects = {

/* Begin PBXBuildFile section */
		1C52C30C5E46CCB198AF3DC5 /* Pods_Movies_task.framework in Frameworks */ = {isa = PBXBuildFile; fileRef = FD88CD5163E72A55AF432659 /* Pods_Movies_task.framework */; };
		282C0ACB2A7ABC0700E12EBF /* AppDelegate.swift in Sources */ = {isa = PBXBuildFile; fileRef = 282C0ACA2A7ABC0700E12EBF /* AppDelegate.swift */; };
		282C0ACD2A7ABC0700E12EBF /* SceneDelegate.swift in Sources */ = {isa = PBXBuildFile; fileRef = 282C0ACC2A7ABC0700E12EBF /* SceneDelegate.swift */; };
		282C0ACF2A7ABC0700E12EBF /* ArtistsViewController.swift in Sources */ = {isa = PBXBuildFile; fileRef = 282C0ACE2A7ABC0700E12EBF /* ArtistsViewController.swift */; };
		282C0AD22A7ABC0700E12EBF /* Main.storyboard in Resources */ = {isa = PBXBuildFile; fileRef = 282C0AD02A7ABC0700E12EBF /* Main.storyboard */; };
		282C0AD42A7ABC0A00E12EBF /* Assets.xcassets in Resources */ = {isa = PBXBuildFile; fileRef = 282C0AD32A7ABC0A00E12EBF /* Assets.xcassets */; };
		282C0AD72A7ABC0A00E12EBF /* LaunchScreen.storyboard in Resources */ = {isa = PBXBuildFile; fileRef = 282C0AD52A7ABC0A00E12EBF /* LaunchScreen.storyboard */; };
		28D712FB2A7CC5C8001211CB /* R.generated.swift in Sources */ = {isa = PBXBuildFile; fileRef = 28D712FA2A7CC5C8001211CB /* R.generated.swift */; };
		28DDB8692A7C46CB00E88809 /* Loading.json in Resources */ = {isa = PBXBuildFile; fileRef = 28DDB8682A7C46CB00E88809 /* Loading.json */; };
		28DDB86B2A7C470F00E88809 /* CustomLoading.swift in Sources */ = {isa = PBXBuildFile; fileRef = 28DDB86A2A7C470F00E88809 /* CustomLoading.swift */; };
		28E290612A7C294F00B60CA1 /* GradientView.swift in Sources */ = {isa = PBXBuildFile; fileRef = 28E290602A7C294F00B60CA1 /* GradientView.swift */; };
		28E290652A7C2DEA00B60CA1 /* ArtistImagesCollectionViewCell.swift in Sources */ = {isa = PBXBuildFile; fileRef = 28E290632A7C2DEA00B60CA1 /* ArtistImagesCollectionViewCell.swift */; };
		28E290662A7C2DEA00B60CA1 /* ArtistImagesCollectionViewCell.xib in Resources */ = {isa = PBXBuildFile; fileRef = 28E290642A7C2DEA00B60CA1 /* ArtistImagesCollectionViewCell.xib */; };
		28E290692A7C2E4800B60CA1 /* ArtistImagesCollectionViewCellViewModel.swift in Sources */ = {isa = PBXBuildFile; fileRef = 28E290682A7C2E4800B60CA1 /* ArtistImagesCollectionViewCellViewModel.swift */; };
		28E2906C2A7C2E7600B60CA1 /* ImageModel.swift in Sources */ = {isa = PBXBuildFile; fileRef = 28E2906B2A7C2E7600B60CA1 /* ImageModel.swift */; };
		28E2906E2A7C30BB00B60CA1 /* UICollectionView+Extension.swift in Sources */ = {isa = PBXBuildFile; fileRef = 28E2906D2A7C30BB00B60CA1 /* UICollectionView+Extension.swift */; };
		28E290702A7C310700B60CA1 /* Helper.swift in Sources */ = {isa = PBXBuildFile; fileRef = 28E2906F2A7C310700B60CA1 /* Helper.swift */; };
		28E290722A7C342A00B60CA1 /* UIApplication+Extension.swift in Sources */ = {isa = PBXBuildFile; fileRef = 28E290712A7C342A00B60CA1 /* UIApplication+Extension.swift */; };
		28E290762A7C356A00B60CA1 /* FullImageViewController.swift in Sources */ = {isa = PBXBuildFile; fileRef = 28E290752A7C356A00B60CA1 /* FullImageViewController.swift */; };
		28E290782A7C357600B60CA1 /* FullImage.storyboard in Resources */ = {isa = PBXBuildFile; fileRef = 28E290772A7C357600B60CA1 /* FullImage.storyboard */; };
		28E2907B2A7C383F00B60CA1 /* FullImageViewModel.swift in Sources */ = {isa = PBXBuildFile; fileRef = 28E2907A2A7C383F00B60CA1 /* FullImageViewModel.swift */; };
		28F434B72A7ABE6800F6AFCA /* ResponseModel.swift in Sources */ = {isa = PBXBuildFile; fileRef = 28F434AD2A7ABE6800F6AFCA /* ResponseModel.swift */; };
		28F434B92A7ABE6800F6AFCA /* NetworkHelper.swift in Sources */ = {isa = PBXBuildFile; fileRef = 28F434AF2A7ABE6800F6AFCA /* NetworkHelper.swift */; };
		28F434BA2A7ABE6800F6AFCA /* ServicesManager.swift in Sources */ = {isa = PBXBuildFile; fileRef = 28F434B02A7ABE6800F6AFCA /* ServicesManager.swift */; };
		28F434BB2A7ABE6800F6AFCA /* URLRequestBuilder.swift in Sources */ = {isa = PBXBuildFile; fileRef = 28F434B12A7ABE6800F6AFCA /* URLRequestBuilder.swift */; };
		28F434BD2A7ABE6800F6AFCA /* EndPoints.swift in Sources */ = {isa = PBXBuildFile; fileRef = 28F434B42A7ABE6800F6AFCA /* EndPoints.swift */; };
		28F434BE2A7ABE6800F6AFCA /* APIConstants.swift in Sources */ = {isa = PBXBuildFile; fileRef = 28F434B52A7ABE6800F6AFCA /* APIConstants.swift */; };
		28F434BF2A7ABE6800F6AFCA /* APIConstants.plist in Resources */ = {isa = PBXBuildFile; fileRef = 28F434B62A7ABE6800F6AFCA /* APIConstants.plist */; };
		28F434C32A7AC50700F6AFCA /* NetworkStatus.swift in Sources */ = {isa = PBXBuildFile; fileRef = 28F434C22A7AC50700F6AFCA /* NetworkStatus.swift */; };
		28F434C82A7AC71A00F6AFCA /* CustomDecoder.swift in Sources */ = {isa = PBXBuildFile; fileRef = 28F434C72A7AC71A00F6AFCA /* CustomDecoder.swift */; };
		28F434D12A7B78F200F6AFCA /* ArtistsViewModel.swift in Sources */ = {isa = PBXBuildFile; fileRef = 28F434D02A7B78F200F6AFCA /* ArtistsViewModel.swift */; };
		28F434D32A7B796600F6AFCA /* ArtistsServices.swift in Sources */ = {isa = PBXBuildFile; fileRef = 28F434D22A7B796600F6AFCA /* ArtistsServices.swift */; };
		28F434D62A7B7E5400F6AFCA /* ArtistModel.swift in Sources */ = {isa = PBXBuildFile; fileRef = 28F434D52A7B7E5400F6AFCA /* ArtistModel.swift */; };
		28F434DD2A7B88D600F6AFCA /* ArtistsTableViewCell.swift in Sources */ = {isa = PBXBuildFile; fileRef = 28F434DB2A7B88D600F6AFCA /* ArtistsTableViewCell.swift */; };
		28F434DE2A7B88D600F6AFCA /* ArtistsTableViewCell.xib in Resources */ = {isa = PBXBuildFile; fileRef = 28F434DC2A7B88D600F6AFCA /* ArtistsTableViewCell.xib */; };
		28F434E02A7B8A0600F6AFCA /* ArtistsTableViewCellViewModel.swift in Sources */ = {isa = PBXBuildFile; fileRef = 28F434DF2A7B8A0600F6AFCA /* ArtistsTableViewCellViewModel.swift */; };
		28F434E32A7B91EC00F6AFCA /* NavigationController+extension.swift in Sources */ = {isa = PBXBuildFile; fileRef = 28F434E22A7B91EC00F6AFCA /* NavigationController+extension.swift */; };
		28F434E82A7B946300F6AFCA /* ArtistDetailsViewController.swift in Sources */ = {isa = PBXBuildFile; fileRef = 28F434E72A7B946300F6AFCA /* ArtistDetailsViewController.swift */; };
		28F434EA2A7B947900F6AFCA /* ArtistDetails.storyboard in Resources */ = {isa = PBXBuildFile; fileRef = 28F434E92A7B947900F6AFCA /* ArtistDetails.storyboard */; };
		28F434EC2A7B948D00F6AFCA /* ArtistDetailsViewModel.swift in Sources */ = {isa = PBXBuildFile; fileRef = 28F434EB2A7B948D00F6AFCA /* ArtistDetailsViewModel.swift */; };
		28F434F02A7C166E00F6AFCA /* PagesModel.swift in Sources */ = {isa = PBXBuildFile; fileRef = 28F434EF2A7C166E00F6AFCA /* PagesModel.swift */; };
/* End PBXBuildFile section */

/* Begin PBXFileReference section */
		1C3ED468D320A8913905152D /* Pods-Movies_task.debug.xcconfig */ = {isa = PBXFileReference; includeInIndex = 1; lastKnownFileType = text.xcconfig; name = "Pods-Movies_task.debug.xcconfig"; path = "Target Support Files/Pods-Movies_task/Pods-Movies_task.debug.xcconfig"; sourceTree = "<group>"; };
		282C0AC72A7ABC0700E12EBF /* Movies_task.app */ = {isa = PBXFileReference; explicitFileType = wrapper.application; includeInIndex = 0; path = Movies_task.app; sourceTree = BUILT_PRODUCTS_DIR; };
		282C0ACA2A7ABC0700E12EBF /* AppDelegate.swift */ = {isa = PBXFileReference; lastKnownFileType = sourcecode.swift; path = AppDelegate.swift; sourceTree = "<group>"; };
		282C0ACC2A7ABC0700E12EBF /* SceneDelegate.swift */ = {isa = PBXFileReference; lastKnownFileType = sourcecode.swift; path = SceneDelegate.swift; sourceTree = "<group>"; };
		282C0ACE2A7ABC0700E12EBF /* ArtistsViewController.swift */ = {isa = PBXFileReference; lastKnownFileType = sourcecode.swift; path = ArtistsViewController.swift; sourceTree = "<group>"; };
		282C0AD12A7ABC0700E12EBF /* Base */ = {isa = PBXFileReference; lastKnownFileType = file.storyboard; name = Base; path = Base.lproj/Main.storyboard; sourceTree = "<group>"; };
		282C0AD32A7ABC0A00E12EBF /* Assets.xcassets */ = {isa = PBXFileReference; lastKnownFileType = folder.assetcatalog; path = Assets.xcassets; sourceTree = "<group>"; };
		282C0AD62A7ABC0A00E12EBF /* Base */ = {isa = PBXFileReference; lastKnownFileType = file.storyboard; name = Base; path = Base.lproj/LaunchScreen.storyboard; sourceTree = "<group>"; };
		282C0AD82A7ABC0A00E12EBF /* Info.plist */ = {isa = PBXFileReference; lastKnownFileType = text.plist.xml; path = Info.plist; sourceTree = "<group>"; };
		28D712FA2A7CC5C8001211CB /* R.generated.swift */ = {isa = PBXFileReference; fileEncoding = 4; lastKnownFileType = sourcecode.swift; name = R.generated.swift; path = Movies_task/R.generated.swift; sourceTree = SOURCE_ROOT; };
		28DDB8682A7C46CB00E88809 /* Loading.json */ = {isa = PBXFileReference; fileEncoding = 4; lastKnownFileType = text.json; path = Loading.json; sourceTree = "<group>"; };
		28DDB86A2A7C470F00E88809 /* CustomLoading.swift */ = {isa = PBXFileReference; lastKnownFileType = sourcecode.swift; path = CustomLoading.swift; sourceTree = "<group>"; };
		28E290602A7C294F00B60CA1 /* GradientView.swift */ = {isa = PBXFileReference; lastKnownFileType = sourcecode.swift; path = GradientView.swift; sourceTree = "<group>"; };
		28E290632A7C2DEA00B60CA1 /* ArtistImagesCollectionViewCell.swift */ = {isa = PBXFileReference; lastKnownFileType = sourcecode.swift; path = ArtistImagesCollectionViewCell.swift; sourceTree = "<group>"; };
		28E290642A7C2DEA00B60CA1 /* ArtistImagesCollectionViewCell.xib */ = {isa = PBXFileReference; lastKnownFileType = file.xib; path = ArtistImagesCollectionViewCell.xib; sourceTree = "<group>"; };
		28E290682A7C2E4800B60CA1 /* ArtistImagesCollectionViewCellViewModel.swift */ = {isa = PBXFileReference; lastKnownFileType = sourcecode.swift; path = ArtistImagesCollectionViewCellViewModel.swift; sourceTree = "<group>"; };
		28E2906B2A7C2E7600B60CA1 /* ImageModel.swift */ = {isa = PBXFileReference; lastKnownFileType = sourcecode.swift; path = ImageModel.swift; sourceTree = "<group>"; };
		28E2906D2A7C30BB00B60CA1 /* UICollectionView+Extension.swift */ = {isa = PBXFileReference; lastKnownFileType = sourcecode.swift; path = "UICollectionView+Extension.swift"; sourceTree = "<group>"; };
		28E2906F2A7C310700B60CA1 /* Helper.swift */ = {isa = PBXFileReference; lastKnownFileType = sourcecode.swift; path = Helper.swift; sourceTree = "<group>"; };
		28E290712A7C342A00B60CA1 /* UIApplication+Extension.swift */ = {isa = PBXFileReference; lastKnownFileType = sourcecode.swift; path = "UIApplication+Extension.swift"; sourceTree = "<group>"; };
		28E290752A7C356A00B60CA1 /* FullImageViewController.swift */ = {isa = PBXFileReference; lastKnownFileType = sourcecode.swift; path = FullImageViewController.swift; sourceTree = "<group>"; };
		28E290772A7C357600B60CA1 /* FullImage.storyboard */ = {isa = PBXFileReference; lastKnownFileType = file.storyboard; path = FullImage.storyboard; sourceTree = "<group>"; };
		28E2907A2A7C383F00B60CA1 /* FullImageViewModel.swift */ = {isa = PBXFileReference; lastKnownFileType = sourcecode.swift; path = FullImageViewModel.swift; sourceTree = "<group>"; };
		28F434AD2A7ABE6800F6AFCA /* ResponseModel.swift */ = {isa = PBXFileReference; fileEncoding = 4; lastKnownFileType = sourcecode.swift; path = ResponseModel.swift; sourceTree = "<group>"; };
		28F434AF2A7ABE6800F6AFCA /* NetworkHelper.swift */ = {isa = PBXFileReference; fileEncoding = 4; lastKnownFileType = sourcecode.swift; path = NetworkHelper.swift; sourceTree = "<group>"; };
		28F434B02A7ABE6800F6AFCA /* ServicesManager.swift */ = {isa = PBXFileReference; fileEncoding = 4; lastKnownFileType = sourcecode.swift; path = ServicesManager.swift; sourceTree = "<group>"; };
		28F434B12A7ABE6800F6AFCA /* URLRequestBuilder.swift */ = {isa = PBXFileReference; fileEncoding = 4; lastKnownFileType = sourcecode.swift; path = URLRequestBuilder.swift; sourceTree = "<group>"; };
		28F434B42A7ABE6800F6AFCA /* EndPoints.swift */ = {isa = PBXFileReference; fileEncoding = 4; lastKnownFileType = sourcecode.swift; path = EndPoints.swift; sourceTree = "<group>"; };
		28F434B52A7ABE6800F6AFCA /* APIConstants.swift */ = {isa = PBXFileReference; fileEncoding = 4; lastKnownFileType = sourcecode.swift; path = APIConstants.swift; sourceTree = "<group>"; };
		28F434B62A7ABE6800F6AFCA /* APIConstants.plist */ = {isa = PBXFileReference; fileEncoding = 4; lastKnownFileType = text.plist.xml; path = APIConstants.plist; sourceTree = "<group>"; };
		28F434C22A7AC50700F6AFCA /* NetworkStatus.swift */ = {isa = PBXFileReference; fileEncoding = 4; lastKnownFileType = sourcecode.swift; path = NetworkStatus.swift; sourceTree = "<group>"; };
		28F434C72A7AC71A00F6AFCA /* CustomDecoder.swift */ = {isa = PBXFileReference; fileEncoding = 4; lastKnownFileType = sourcecode.swift; path = CustomDecoder.swift; sourceTree = "<group>"; };
		28F434D02A7B78F200F6AFCA /* ArtistsViewModel.swift */ = {isa = PBXFileReference; lastKnownFileType = sourcecode.swift; path = ArtistsViewModel.swift; sourceTree = "<group>"; };
		28F434D22A7B796600F6AFCA /* ArtistsServices.swift */ = {isa = PBXFileReference; lastKnownFileType = sourcecode.swift; path = ArtistsServices.swift; sourceTree = "<group>"; };
		28F434D52A7B7E5400F6AFCA /* ArtistModel.swift */ = {isa = PBXFileReference; lastKnownFileType = sourcecode.swift; path = ArtistModel.swift; sourceTree = "<group>"; };
		28F434DB2A7B88D600F6AFCA /* ArtistsTableViewCell.swift */ = {isa = PBXFileReference; lastKnownFileType = sourcecode.swift; path = ArtistsTableViewCell.swift; sourceTree = "<group>"; };
		28F434DC2A7B88D600F6AFCA /* ArtistsTableViewCell.xib */ = {isa = PBXFileReference; lastKnownFileType = file.xib; path = ArtistsTableViewCell.xib; sourceTree = "<group>"; };
		28F434DF2A7B8A0600F6AFCA /* ArtistsTableViewCellViewModel.swift */ = {isa = PBXFileReference; lastKnownFileType = sourcecode.swift; path = ArtistsTableViewCellViewModel.swift; sourceTree = "<group>"; };
		28F434E22A7B91EC00F6AFCA /* NavigationController+extension.swift */ = {isa = PBXFileReference; lastKnownFileType = sourcecode.swift; path = "NavigationController+extension.swift"; sourceTree = "<group>"; };
		28F434E72A7B946300F6AFCA /* ArtistDetailsViewController.swift */ = {isa = PBXFileReference; lastKnownFileType = sourcecode.swift; path = ArtistDetailsViewController.swift; sourceTree = "<group>"; };
		28F434E92A7B947900F6AFCA /* ArtistDetails.storyboard */ = {isa = PBXFileReference; lastKnownFileType = file.storyboard; path = ArtistDetails.storyboard; sourceTree = "<group>"; };
		28F434EB2A7B948D00F6AFCA /* ArtistDetailsViewModel.swift */ = {isa = PBXFileReference; lastKnownFileType = sourcecode.swift; path = ArtistDetailsViewModel.swift; sourceTree = "<group>"; };
		28F434EF2A7C166E00F6AFCA /* PagesModel.swift */ = {isa = PBXFileReference; lastKnownFileType = sourcecode.swift; path = PagesModel.swift; sourceTree = "<group>"; };
		68E63C40AE7F3F687071D18D /* Pods-Movies_task.release.xcconfig */ = {isa = PBXFileReference; includeInIndex = 1; lastKnownFileType = text.xcconfig; name = "Pods-Movies_task.release.xcconfig"; path = "Target Support Files/Pods-Movies_task/Pods-Movies_task.release.xcconfig"; sourceTree = "<group>"; };
		FD88CD5163E72A55AF432659 /* Pods_Movies_task.framework */ = {isa = PBXFileReference; explicitFileType = wrapper.framework; includeInIndex = 0; path = Pods_Movies_task.framework; sourceTree = BUILT_PRODUCTS_DIR; };
/* End PBXFileReference section */

/* Begin PBXFrameworksBuildPhase section */
		282C0AC42A7ABC0700E12EBF /* Frameworks */ = {
			isa = PBXFrameworksBuildPhase;
			buildActionMask = 2147483647;
			files = (
				1C52C30C5E46CCB198AF3DC5 /* Pods_Movies_task.framework in Frameworks */,
			);
			runOnlyForDeploymentPostprocessing = 0;
		};
/* End PBXFrameworksBuildPhase section */

/* Begin PBXGroup section */
		282C0ABE2A7ABC0700E12EBF = {
			isa = PBXGroup;
			children = (
				282C0AC92A7ABC0700E12EBF /* Movies_task */,
				282C0AC82A7ABC0700E12EBF /* Products */,
				5F4D4378DD62886AC4557094 /* Pods */,
				6CE1AA9312C2BCCF668972A1 /* Frameworks */,
			);
			sourceTree = "<group>";
		};
		282C0AC82A7ABC0700E12EBF /* Products */ = {
			isa = PBXGroup;
			children = (
				282C0AC72A7ABC0700E12EBF /* Movies_task.app */,
			);
			name = Products;
			sourceTree = "<group>";
		};
		282C0AC92A7ABC0700E12EBF /* Movies_task */ = {
			isa = PBXGroup;
			children = (
				28D712FA2A7CC5C8001211CB /* R.generated.swift */,
				28D712FC2A7CC67D001211CB /* Resources */,
				28DDB8672A7C46B500E88809 /* Lottie */,
				28F434C62A7AC6AE00F6AFCA /* SupportingFiles */,
				28F434AC2A7ABE6800F6AFCA /* Networking */,
				28F434CA2A7AE1D800F6AFCA /* Delegates */,
				28F434E12A7B91D100F6AFCA /* Extensions */,
				282C0AD52A7ABC0A00E12EBF /* LaunchScreen.storyboard */,
				282C0AD82A7ABC0A00E12EBF /* Info.plist */,
				28F434D72A7B88AD00F6AFCA /* UIComponent */,
				28F434C92A7AE1BF00F6AFCA /* AppFlow */,
			);
			path = Movies_task;
			sourceTree = "<group>";
		};
		28D712FC2A7CC67D001211CB /* Resources */ = {
			isa = PBXGroup;
			children = (
				282C0AD32A7ABC0A00E12EBF /* Assets.xcassets */,
			);
			path = Resources;
			sourceTree = "<group>";
		};
		28DDB8672A7C46B500E88809 /* Lottie */ = {
			isa = PBXGroup;
			children = (
				28DDB8682A7C46CB00E88809 /* Loading.json */,
			);
			path = Lottie;
			sourceTree = "<group>";
		};
		28E290622A7C2DCB00B60CA1 /* ArtistImageCollectionVIewCell */ = {
			isa = PBXGroup;
			children = (
				28E2906A2A7C2E6900B60CA1 /* Model */,
				28E290672A7C2E2D00B60CA1 /* ViewModel */,
				28E290632A7C2DEA00B60CA1 /* ArtistImagesCollectionViewCell.swift */,
				28E290642A7C2DEA00B60CA1 /* ArtistImagesCollectionViewCell.xib */,
			);
			path = ArtistImageCollectionVIewCell;
			sourceTree = "<group>";
		};
		28E290672A7C2E2D00B60CA1 /* ViewModel */ = {
			isa = PBXGroup;
			children = (
				28E290682A7C2E4800B60CA1 /* ArtistImagesCollectionViewCellViewModel.swift */,
			);
			path = ViewModel;
			sourceTree = "<group>";
		};
		28E2906A2A7C2E6900B60CA1 /* Model */ = {
			isa = PBXGroup;
			children = (
				28E2906B2A7C2E7600B60CA1 /* ImageModel.swift */,
			);
			path = Model;
			sourceTree = "<group>";
		};
		28E290732A7C354200B60CA1 /* FullImage */ = {
			isa = PBXGroup;
			children = (
				28E290792A7C383000B60CA1 /* ViewModel */,
				28E290742A7C355A00B60CA1 /* Views */,
			);
			path = FullImage;
			sourceTree = "<group>";
		};
		28E290742A7C355A00B60CA1 /* Views */ = {
			isa = PBXGroup;
			children = (
				28E290752A7C356A00B60CA1 /* FullImageViewController.swift */,
				28E290772A7C357600B60CA1 /* FullImage.storyboard */,
			);
			path = Views;
			sourceTree = "<group>";
		};
		28E290792A7C383000B60CA1 /* ViewModel */ = {
			isa = PBXGroup;
			children = (
				28E2907A2A7C383F00B60CA1 /* FullImageViewModel.swift */,
			);
			path = ViewModel;
			sourceTree = "<group>";
		};
		28F434AC2A7ABE6800F6AFCA /* Networking */ = {
			isa = PBXGroup;
			children = (
				28F434D42A7B7AA600F6AFCA /* Services */,
				28F434C22A7AC50700F6AFCA /* NetworkStatus.swift */,
				28F434AD2A7ABE6800F6AFCA /* ResponseModel.swift */,
				28F434EF2A7C166E00F6AFCA /* PagesModel.swift */,
				28F434AF2A7ABE6800F6AFCA /* NetworkHelper.swift */,
				28F434B02A7ABE6800F6AFCA /* ServicesManager.swift */,
				28F434B12A7ABE6800F6AFCA /* URLRequestBuilder.swift */,
				28F434B32A7ABE6800F6AFCA /* API */,
			);
			path = Networking;
			sourceTree = SOURCE_ROOT;
		};
		28F434B32A7ABE6800F6AFCA /* API */ = {
			isa = PBXGroup;
			children = (
				28F434B42A7ABE6800F6AFCA /* EndPoints.swift */,
				28F434B52A7ABE6800F6AFCA /* APIConstants.swift */,
				28F434B62A7ABE6800F6AFCA /* APIConstants.plist */,
			);
			path = API;
			sourceTree = "<group>";
		};
		28F434C62A7AC6AE00F6AFCA /* SupportingFiles */ = {
			isa = PBXGroup;
			children = (
				28F434C72A7AC71A00F6AFCA /* CustomDecoder.swift */,
				28E2906F2A7C310700B60CA1 /* Helper.swift */,
				28DDB86A2A7C470F00E88809 /* CustomLoading.swift */,
			);
			path = SupportingFiles;
			sourceTree = "<group>";
		};
		28F434C92A7AE1BF00F6AFCA /* AppFlow */ = {
			isa = PBXGroup;
			children = (
				28E290732A7C354200B60CA1 /* FullImage */,
				28F434E42A7B93F300F6AFCA /* ArtistsDetails */,
				28F434CC2A7AE20000F6AFCA /* Artists */,
			);
			path = AppFlow;
			sourceTree = "<group>";
		};
		28F434CA2A7AE1D800F6AFCA /* Delegates */ = {
			isa = PBXGroup;
			children = (
				282C0ACA2A7ABC0700E12EBF /* AppDelegate.swift */,
				282C0ACC2A7ABC0700E12EBF /* SceneDelegate.swift */,
			);
			path = Delegates;
			sourceTree = "<group>";
		};
		28F434CC2A7AE20000F6AFCA /* Artists */ = {
			isa = PBXGroup;
			children = (
				28F434CF2A7AE21400F6AFCA /* Model */,
				28F434CE2A7AE20F00F6AFCA /* ViewModel */,
				28F434CD2A7AE20B00F6AFCA /* Views */,
			);
			path = Artists;
			sourceTree = "<group>";
		};
		28F434CD2A7AE20B00F6AFCA /* Views */ = {
			isa = PBXGroup;
			children = (
				282C0ACE2A7ABC0700E12EBF /* ArtistsViewController.swift */,
				282C0AD02A7ABC0700E12EBF /* Main.storyboard */,
			);
			path = Views;
			sourceTree = "<group>";
		};
		28F434CE2A7AE20F00F6AFCA /* ViewModel */ = {
			isa = PBXGroup;
			children = (
				28F434D02A7B78F200F6AFCA /* ArtistsViewModel.swift */,
			);
			path = ViewModel;
			sourceTree = "<group>";
		};
		28F434CF2A7AE21400F6AFCA /* Model */ = {
			isa = PBXGroup;
			children = (
				28F434D52A7B7E5400F6AFCA /* ArtistModel.swift */,
			);
			path = Model;
			sourceTree = "<group>";
		};
		28F434D42A7B7AA600F6AFCA /* Services */ = {
			isa = PBXGroup;
			children = (
				28F434D22A7B796600F6AFCA /* ArtistsServices.swift */,
			);
			path = Services;
			sourceTree = "<group>";
		};
		28F434D72A7B88AD00F6AFCA /* UIComponent */ = {
			isa = PBXGroup;
			children = (
				28E290622A7C2DCB00B60CA1 /* ArtistImageCollectionVIewCell */,
				28F434D82A7B88B200F6AFCA /* ArtistsTableViewCell */,
				28E290602A7C294F00B60CA1 /* GradientView.swift */,
			);
			path = UIComponent;
			sourceTree = "<group>";
		};
		28F434D82A7B88B200F6AFCA /* ArtistsTableViewCell */ = {
			isa = PBXGroup;
			children = (
				28F434DA2A7B88BC00F6AFCA /* ViewModel */,
				28F434D92A7B88BA00F6AFCA /* Views */,
			);
			path = ArtistsTableViewCell;
			sourceTree = "<group>";
		};
		28F434D92A7B88BA00F6AFCA /* Views */ = {
			isa = PBXGroup;
			children = (
				28F434DB2A7B88D600F6AFCA /* ArtistsTableViewCell.swift */,
				28F434DC2A7B88D600F6AFCA /* ArtistsTableViewCell.xib */,
			);
			path = Views;
			sourceTree = "<group>";
		};
		28F434DA2A7B88BC00F6AFCA /* ViewModel */ = {
			isa = PBXGroup;
			children = (
				28F434DF2A7B8A0600F6AFCA /* ArtistsTableViewCellViewModel.swift */,
			);
			path = ViewModel;
			sourceTree = "<group>";
		};
		28F434E12A7B91D100F6AFCA /* Extensions */ = {
			isa = PBXGroup;
			children = (
				28F434E22A7B91EC00F6AFCA /* NavigationController+extension.swift */,
				28E2906D2A7C30BB00B60CA1 /* UICollectionView+Extension.swift */,
				28E290712A7C342A00B60CA1 /* UIApplication+Extension.swift */,
			);
			path = Extensions;
			sourceTree = "<group>";
		};
		28F434E42A7B93F300F6AFCA /* ArtistsDetails */ = {
			isa = PBXGroup;
			children = (
				28F434E62A7B93FC00F6AFCA /* ViewModel */,
				28F434E52A7B93FA00F6AFCA /* Views */,
			);
			path = ArtistsDetails;
			sourceTree = "<group>";
		};
		28F434E52A7B93FA00F6AFCA /* Views */ = {
			isa = PBXGroup;
			children = (
				28F434E72A7B946300F6AFCA /* ArtistDetailsViewController.swift */,
				28F434E92A7B947900F6AFCA /* ArtistDetails.storyboard */,
			);
			path = Views;
			sourceTree = "<group>";
		};
		28F434E62A7B93FC00F6AFCA /* ViewModel */ = {
			isa = PBXGroup;
			children = (
				28F434EB2A7B948D00F6AFCA /* ArtistDetailsViewModel.swift */,
			);
			path = ViewModel;
			sourceTree = "<group>";
		};
		5F4D4378DD62886AC4557094 /* Pods */ = {
			isa = PBXGroup;
			children = (
				1C3ED468D320A8913905152D /* Pods-Movies_task.debug.xcconfig */,
				68E63C40AE7F3F687071D18D /* Pods-Movies_task.release.xcconfig */,
			);
			path = Pods;
			sourceTree = "<group>";
		};
		6CE1AA9312C2BCCF668972A1 /* Frameworks */ = {
			isa = PBXGroup;
			children = (
				FD88CD5163E72A55AF432659 /* Pods_Movies_task.framework */,
			);
			name = Frameworks;
			sourceTree = "<group>";
		};
/* End PBXGroup section */

/* Begin PBXNativeTarget section */
		282C0AC62A7ABC0700E12EBF /* Movies_task */ = {
			isa = PBXNativeTarget;
			buildConfigurationList = 282C0ADB2A7ABC0A00E12EBF /* Build configuration list for PBXNativeTarget "Movies_task" */;
			buildPhases = (
				712E7CAEB9969CE40BCB118A /* [CP] Check Pods Manifest.lock */,
				28D712F92A7CC4C0001211CB /* ShellScript */,
				282C0AC32A7ABC0700E12EBF /* Sources */,
				282C0AC42A7ABC0700E12EBF /* Frameworks */,
				282C0AC52A7ABC0700E12EBF /* Resources */,
				D54410D0CF6307D59BA302B7 /* [CP] Embed Pods Frameworks */,
			);
			buildRules = (
			);
			dependencies = (
			);
			name = Movies_task;
			productName = Movies_task;
			productReference = 282C0AC72A7ABC0700E12EBF /* Movies_task.app */;
			productType = "com.apple.product-type.application";
		};
/* End PBXNativeTarget section */

/* Begin PBXProject section */
		282C0ABF2A7ABC0700E12EBF /* Project object */ = {
			isa = PBXProject;
			attributes = {
				BuildIndependentTargetsInParallel = 1;
				LastSwiftUpdateCheck = 1430;
				LastUpgradeCheck = 1430;
				TargetAttributes = {
					282C0AC62A7ABC0700E12EBF = {
						CreatedOnToolsVersion = 14.3;
					};
				};
			};
			buildConfigurationList = 282C0AC22A7ABC0700E12EBF /* Build configuration list for PBXProject "Movies_task" */;
			compatibilityVersion = "Xcode 14.0";
			developmentRegion = en;
			hasScannedForEncodings = 0;
			knownRegions = (
				en,
				Base,
			);
			mainGroup = 282C0ABE2A7ABC0700E12EBF;
			productRefGroup = 282C0AC82A7ABC0700E12EBF /* Products */;
			projectDirPath = "";
			projectRoot = "";
			targets = (
				282C0AC62A7ABC0700E12EBF /* Movies_task */,
			);
		};
/* End PBXProject section */

/* Begin PBXResourcesBuildPhase section */
		282C0AC52A7ABC0700E12EBF /* Resources */ = {
			isa = PBXResourcesBuildPhase;
			buildActionMask = 2147483647;
			files = (
				28F434EA2A7B947900F6AFCA /* ArtistDetails.storyboard in Resources */,
				28E290782A7C357600B60CA1 /* FullImage.storyboard in Resources */,
				28DDB8692A7C46CB00E88809 /* Loading.json in Resources */,
				282C0AD72A7ABC0A00E12EBF /* LaunchScreen.storyboard in Resources */,
				282C0AD42A7ABC0A00E12EBF /* Assets.xcassets in Resources */,
				28F434DE2A7B88D600F6AFCA /* ArtistsTableViewCell.xib in Resources */,
				28E290662A7C2DEA00B60CA1 /* ArtistImagesCollectionViewCell.xib in Resources */,
				282C0AD22A7ABC0700E12EBF /* Main.storyboard in Resources */,
				28F434BF2A7ABE6800F6AFCA /* APIConstants.plist in Resources */,
			);
			runOnlyForDeploymentPostprocessing = 0;
		};
/* End PBXResourcesBuildPhase section */

/* Begin PBXShellScriptBuildPhase section */
		28D712F92A7CC4C0001211CB /* ShellScript */ = {
			isa = PBXShellScriptBuildPhase;
			alwaysOutOfDate = 1;
			buildActionMask = 2147483647;
			files = (
			);
			inputFileListPaths = (
			);
			inputPaths = (
			);
			outputFileListPaths = (
				"",
			);
			outputPaths = (
				$SRCROOT/R.generated.swift,
			);
			runOnlyForDeploymentPostprocessing = 0;
			shellPath = /bin/sh;
			shellScript = "\"$PODS_ROOT/R.swift/rswift\" generate \"$SRCROOT/R.generated.swift\"\n";
		};
		712E7CAEB9969CE40BCB118A /* [CP] Check Pods Manifest.lock */ = {
			isa = PBXShellScriptBuildPhase;
			buildActionMask = 2147483647;
			files = (
			);
			inputFileListPaths = (
			);
			inputPaths = (
				"${PODS_PODFILE_DIR_PATH}/Podfile.lock",
				"${PODS_ROOT}/Manifest.lock",
			);
			name = "[CP] Check Pods Manifest.lock";
			outputFileListPaths = (
			);
			outputPaths = (
				"$(DERIVED_FILE_DIR)/Pods-Movies_task-checkManifestLockResult.txt",
			);
			runOnlyForDeploymentPostprocessing = 0;
			shellPath = /bin/sh;
			shellScript = "diff \"${PODS_PODFILE_DIR_PATH}/Podfile.lock\" \"${PODS_ROOT}/Manifest.lock\" > /dev/null\nif [ $? != 0 ] ; then\n    # print error to STDERR\n    echo \"error: The sandbox is not in sync with the Podfile.lock. Run 'pod install' or update your CocoaPods installation.\" >&2\n    exit 1\nfi\n# This output is used by Xcode 'outputs' to avoid re-running this script phase.\necho \"SUCCESS\" > \"${SCRIPT_OUTPUT_FILE_0}\"\n";
			showEnvVarsInLog = 0;
		};
		D54410D0CF6307D59BA302B7 /* [CP] Embed Pods Frameworks */ = {
			isa = PBXShellScriptBuildPhase;
			buildActionMask = 2147483647;
			files = (
			);
			inputFileListPaths = (
				"${PODS_ROOT}/Target Support Files/Pods-Movies_task/Pods-Movies_task-frameworks-${CONFIGURATION}-input-files.xcfilelist",
			);
			name = "[CP] Embed Pods Frameworks";
			outputFileListPaths = (
				"${PODS_ROOT}/Target Support Files/Pods-Movies_task/Pods-Movies_task-frameworks-${CONFIGURATION}-output-files.xcfilelist",
			);
			runOnlyForDeploymentPostprocessing = 0;
			shellPath = /bin/sh;
			shellScript = "\"${PODS_ROOT}/Target Support Files/Pods-Movies_task/Pods-Movies_task-frameworks.sh\"\n";
			showEnvVarsInLog = 0;
		};
/* End PBXShellScriptBuildPhase section */

/* Begin PBXSourcesBuildPhase section */
		282C0AC32A7ABC0700E12EBF /* Sources */ = {
			isa = PBXSourcesBuildPhase;
			buildActionMask = 2147483647;
			files = (
				28E290692A7C2E4800B60CA1 /* ArtistImagesCollectionViewCellViewModel.swift in Sources */,
				28F434BA2A7ABE6800F6AFCA /* ServicesManager.swift in Sources */,
				28F434BE2A7ABE6800F6AFCA /* APIConstants.swift in Sources */,
				28E2907B2A7C383F00B60CA1 /* FullImageViewModel.swift in Sources */,
				28E290612A7C294F00B60CA1 /* GradientView.swift in Sources */,
				28F434DD2A7B88D600F6AFCA /* ArtistsTableViewCell.swift in Sources */,
				28E290702A7C310700B60CA1 /* Helper.swift in Sources */,
				28E290722A7C342A00B60CA1 /* UIApplication+Extension.swift in Sources */,
				282C0ACF2A7ABC0700E12EBF /* ArtistsViewController.swift in Sources */,
				28E2906E2A7C30BB00B60CA1 /* UICollectionView+Extension.swift in Sources */,
				28E290762A7C356A00B60CA1 /* FullImageViewController.swift in Sources */,
				28E2906C2A7C2E7600B60CA1 /* ImageModel.swift in Sources */,
				28E290652A7C2DEA00B60CA1 /* ArtistImagesCollectionViewCell.swift in Sources */,
				28F434C82A7AC71A00F6AFCA /* CustomDecoder.swift in Sources */,
				28F434E02A7B8A0600F6AFCA /* ArtistsTableViewCellViewModel.swift in Sources */,
				282C0ACB2A7ABC0700E12EBF /* AppDelegate.swift in Sources */,
				28F434B72A7ABE6800F6AFCA /* ResponseModel.swift in Sources */,
				28F434B92A7ABE6800F6AFCA /* NetworkHelper.swift in Sources */,
				28F434E32A7B91EC00F6AFCA /* NavigationController+extension.swift in Sources */,
				28F434D62A7B7E5400F6AFCA /* ArtistModel.swift in Sources */,
				28F434BB2A7ABE6800F6AFCA /* URLRequestBuilder.swift in Sources */,
				28F434EC2A7B948D00F6AFCA /* ArtistDetailsViewModel.swift in Sources */,
				28F434D32A7B796600F6AFCA /* ArtistsServices.swift in Sources */,
				28F434F02A7C166E00F6AFCA /* PagesModel.swift in Sources */,
				28F434BD2A7ABE6800F6AFCA /* EndPoints.swift in Sources */,
				28DDB86B2A7C470F00E88809 /* CustomLoading.swift in Sources */,
				28D712FB2A7CC5C8001211CB /* R.generated.swift in Sources */,
				28F434D12A7B78F200F6AFCA /* ArtistsViewModel.swift in Sources */,
				282C0ACD2A7ABC0700E12EBF /* SceneDelegate.swift in Sources */,
				28F434C32A7AC50700F6AFCA /* NetworkStatus.swift in Sources */,
				28F434E82A7B946300F6AFCA /* ArtistDetailsViewController.swift in Sources */,
			);
			runOnlyForDeploymentPostprocessing = 0;
		};
/* End PBXSourcesBuildPhase section */

/* Begin PBXVariantGroup section */
		282C0AD02A7ABC0700E12EBF /* Main.storyboard */ = {
			isa = PBXVariantGroup;
			children = (
				282C0AD12A7ABC0700E12EBF /* Base */,
			);
			name = Main.storyboard;
			sourceTree = "<group>";
		};
		282C0AD52A7ABC0A00E12EBF /* LaunchScreen.storyboard */ = {
			isa = PBXVariantGroup;
			children = (
				282C0AD62A7ABC0A00E12EBF /* Base */,
			);
			name = LaunchScreen.storyboard;
			sourceTree = "<group>";
		};
/* End PBXVariantGroup section */

/* Begin XCBuildConfiguration section */
		282C0AD92A7ABC0A00E12EBF /* Debug */ = {
			isa = XCBuildConfiguration;
			buildSettings = {
				ALWAYS_SEARCH_USER_PATHS = NO;
				CLANG_ANALYZER_NONNULL = YES;
				CLANG_ANALYZER_NUMBER_OBJECT_CONVERSION = YES_AGGRESSIVE;
				CLANG_CXX_LANGUAGE_STANDARD = "gnu++20";
				CLANG_ENABLE_MODULES = YES;
				CLANG_ENABLE_OBJC_ARC = YES;
				CLANG_ENABLE_OBJC_WEAK = YES;
				CLANG_WARN_BLOCK_CAPTURE_AUTORELEASING = YES;
				CLANG_WARN_BOOL_CONVERSION = YES;
				CLANG_WARN_COMMA = YES;
				CLANG_WARN_CONSTANT_CONVERSION = YES;
				CLANG_WARN_DEPRECATED_OBJC_IMPLEMENTATIONS = YES;
				CLANG_WARN_DIRECT_OBJC_ISA_USAGE = YES_ERROR;
				CLANG_WARN_DOCUMENTATION_COMMENTS = YES;
				CLANG_WARN_EMPTY_BODY = YES;
				CLANG_WARN_ENUM_CONVERSION = YES;
				CLANG_WARN_INFINITE_RECURSION = YES;
				CLANG_WARN_INT_CONVERSION = YES;
				CLANG_WARN_NON_LITERAL_NULL_CONVERSION = YES;
				CLANG_WARN_OBJC_IMPLICIT_RETAIN_SELF = YES;
				CLANG_WARN_OBJC_LITERAL_CONVERSION = YES;
				CLANG_WARN_OBJC_ROOT_CLASS = YES_ERROR;
				CLANG_WARN_QUOTED_INCLUDE_IN_FRAMEWORK_HEADER = YES;
				CLANG_WARN_RANGE_LOOP_ANALYSIS = YES;
				CLANG_WARN_STRICT_PROTOTYPES = YES;
				CLANG_WARN_SUSPICIOUS_MOVE = YES;
				CLANG_WARN_UNGUARDED_AVAILABILITY = YES_AGGRESSIVE;
				CLANG_WARN_UNREACHABLE_CODE = YES;
				CLANG_WARN__DUPLICATE_METHOD_MATCH = YES;
				COPY_PHASE_STRIP = NO;
				DEBUG_INFORMATION_FORMAT = dwarf;
				ENABLE_STRICT_OBJC_MSGSEND = YES;
				ENABLE_TESTABILITY = YES;
				GCC_C_LANGUAGE_STANDARD = gnu11;
				GCC_DYNAMIC_NO_PIC = NO;
				GCC_NO_COMMON_BLOCKS = YES;
				GCC_OPTIMIZATION_LEVEL = 0;
				GCC_PREPROCESSOR_DEFINITIONS = (
					"DEBUG=1",
					"$(inherited)",
				);
				GCC_WARN_64_TO_32_BIT_CONVERSION = YES;
				GCC_WARN_ABOUT_RETURN_TYPE = YES_ERROR;
				GCC_WARN_UNDECLARED_SELECTOR = YES;
				GCC_WARN_UNINITIALIZED_AUTOS = YES_AGGRESSIVE;
				GCC_WARN_UNUSED_FUNCTION = YES;
				GCC_WARN_UNUSED_VARIABLE = YES;
				IPHONEOS_DEPLOYMENT_TARGET = 16.4;
				MTL_ENABLE_DEBUG_INFO = INCLUDE_SOURCE;
				MTL_FAST_MATH = YES;
				ONLY_ACTIVE_ARCH = YES;
				SDKROOT = iphoneos;
				SWIFT_ACTIVE_COMPILATION_CONDITIONS = DEBUG;
				SWIFT_OPTIMIZATION_LEVEL = "-Onone";
			};
			name = Debug;
		};
		282C0ADA2A7ABC0A00E12EBF /* Release */ = {
			isa = XCBuildConfiguration;
			buildSettings = {
				ALWAYS_SEARCH_USER_PATHS = NO;
				CLANG_ANALYZER_NONNULL = YES;
				CLANG_ANALYZER_NUMBER_OBJECT_CONVERSION = YES_AGGRESSIVE;
				CLANG_CXX_LANGUAGE_STANDARD = "gnu++20";
				CLANG_ENABLE_MODULES = YES;
				CLANG_ENABLE_OBJC_ARC = YES;
				CLANG_ENABLE_OBJC_WEAK = YES;
				CLANG_WARN_BLOCK_CAPTURE_AUTORELEASING = YES;
				CLANG_WARN_BOOL_CONVERSION = YES;
				CLANG_WARN_COMMA = YES;
				CLANG_WARN_CONSTANT_CONVERSION = YES;
				CLANG_WARN_DEPRECATED_OBJC_IMPLEMENTATIONS = YES;
				CLANG_WARN_DIRECT_OBJC_ISA_USAGE = YES_ERROR;
				CLANG_WARN_DOCUMENTATION_COMMENTS = YES;
				CLANG_WARN_EMPTY_BODY = YES;
				CLANG_WARN_ENUM_CONVERSION = YES;
				CLANG_WARN_INFINITE_RECURSION = YES;
				CLANG_WARN_INT_CONVERSION = YES;
				CLANG_WARN_NON_LITERAL_NULL_CONVERSION = YES;
				CLANG_WARN_OBJC_IMPLICIT_RETAIN_SELF = YES;
				CLANG_WARN_OBJC_LITERAL_CONVERSION = YES;
				CLANG_WARN_OBJC_ROOT_CLASS = YES_ERROR;
				CLANG_WARN_QUOTED_INCLUDE_IN_FRAMEWORK_HEADER = YES;
				CLANG_WARN_RANGE_LOOP_ANALYSIS = YES;
				CLANG_WARN_STRICT_PROTOTYPES = YES;
				CLANG_WARN_SUSPICIOUS_MOVE = YES;
				CLANG_WARN_UNGUARDED_AVAILABILITY = YES_AGGRESSIVE;
				CLANG_WARN_UNREACHABLE_CODE = YES;
				CLANG_WARN__DUPLICATE_METHOD_MATCH = YES;
				COPY_PHASE_STRIP = NO;
				DEBUG_INFORMATION_FORMAT = "dwarf-with-dsym";
				ENABLE_NS_ASSERTIONS = NO;
				ENABLE_STRICT_OBJC_MSGSEND = YES;
				GCC_C_LANGUAGE_STANDARD = gnu11;
				GCC_NO_COMMON_BLOCKS = YES;
				GCC_WARN_64_TO_32_BIT_CONVERSION = YES;
				GCC_WARN_ABOUT_RETURN_TYPE = YES_ERROR;
				GCC_WARN_UNDECLARED_SELECTOR = YES;
				GCC_WARN_UNINITIALIZED_AUTOS = YES_AGGRESSIVE;
				GCC_WARN_UNUSED_FUNCTION = YES;
				GCC_WARN_UNUSED_VARIABLE = YES;
				IPHONEOS_DEPLOYMENT_TARGET = 16.4;
				MTL_ENABLE_DEBUG_INFO = NO;
				MTL_FAST_MATH = YES;
				SDKROOT = iphoneos;
				SWIFT_COMPILATION_MODE = wholemodule;
				SWIFT_OPTIMIZATION_LEVEL = "-O";
				VALIDATE_PRODUCT = YES;
			};
			name = Release;
		};
		282C0ADC2A7ABC0A00E12EBF /* Debug */ = {
			isa = XCBuildConfiguration;
			baseConfigurationReference = 1C3ED468D320A8913905152D /* Pods-Movies_task.debug.xcconfig */;
			buildSettings = {
				ASSETCATALOG_COMPILER_APPICON_NAME = AppIcon;
				ASSETCATALOG_COMPILER_GLOBAL_ACCENT_COLOR_NAME = AccentColor;
				CODE_SIGN_STYLE = Automatic;
				CURRENT_PROJECT_VERSION = 1;
				DEVELOPMENT_TEAM = 38B2STTTMY;
				GENERATE_INFOPLIST_FILE = YES;
				INFOPLIST_FILE = Movies_task/Info.plist;
				INFOPLIST_KEY_UIApplicationSupportsIndirectInputEvents = YES;
				INFOPLIST_KEY_UILaunchStoryboardName = LaunchScreen;
				INFOPLIST_KEY_UIMainStoryboardFile = Main;
				INFOPLIST_KEY_UISupportedInterfaceOrientations_iPad = "UIInterfaceOrientationPortrait UIInterfaceOrientationPortraitUpsideDown UIInterfaceOrientationLandscapeLeft UIInterfaceOrientationLandscapeRight";
				INFOPLIST_KEY_UISupportedInterfaceOrientations_iPhone = "UIInterfaceOrientationPortrait UIInterfaceOrientationLandscapeLeft UIInterfaceOrientationLandscapeRight";
				IPHONEOS_DEPLOYMENT_TARGET = 13.0;
				LD_RUNPATH_SEARCH_PATHS = (
					"$(inherited)",
					"@executable_path/Frameworks",
				);
				MARKETING_VERSION = 1.0;
				PRODUCT_BUNDLE_IDENTIFIER = "com.eslam.Movies-task";
				PRODUCT_NAME = "$(TARGET_NAME)";
				SWIFT_EMIT_LOC_STRINGS = YES;
				SWIFT_VERSION = 5.0;
				TARGETED_DEVICE_FAMILY = "1,2";
			};
			name = Debug;
		};
		282C0ADD2A7ABC0A00E12EBF /* Release */ = {
			isa = XCBuildConfiguration;
			baseConfigurationReference = 68E63C40AE7F3F687071D18D /* Pods-Movies_task.release.xcconfig */;
			buildSettings = {
				ASSETCATALOG_COMPILER_APPICON_NAME = AppIcon;
				ASSETCATALOG_COMPILER_GLOBAL_ACCENT_COLOR_NAME = AccentColor;
				CODE_SIGN_STYLE = Automatic;
				CURRENT_PROJECT_VERSION = 1;
				DEVELOPMENT_TEAM = 38B2STTTMY;
				GENERATE_INFOPLIST_FILE = YES;
				INFOPLIST_FILE = Movies_task/Info.plist;
				INFOPLIST_KEY_UIApplicationSupportsIndirectInputEvents = YES;
				INFOPLIST_KEY_UILaunchStoryboardName = LaunchScreen;
				INFOPLIST_KEY_UIMainStoryboardFile = Main;
				INFOPLIST_KEY_UISupportedInterfaceOrientations_iPad = "UIInterfaceOrientationPortrait UIInterfaceOrientationPortraitUpsideDown UIInterfaceOrientationLandscapeLeft UIInterfaceOrientationLandscapeRight";
				INFOPLIST_KEY_UISupportedInterfaceOrientations_iPhone = "UIInterfaceOrientationPortrait UIInterfaceOrientationLandscapeLeft UIInterfaceOrientationLandscapeRight";
				IPHONEOS_DEPLOYMENT_TARGET = 13.0;
				LD_RUNPATH_SEARCH_PATHS = (
					"$(inherited)",
					"@executable_path/Frameworks",
				);
				MARKETING_VERSION = 1.0;
				PRODUCT_BUNDLE_IDENTIFIER = "com.eslam.Movies-task";
				PRODUCT_NAME = "$(TARGET_NAME)";
				SWIFT_EMIT_LOC_STRINGS = YES;
				SWIFT_VERSION = 5.0;
				TARGETED_DEVICE_FAMILY = "1,2";
			};
			name = Release;
		};
/* End XCBuildConfiguration section */

/* Begin XCConfigurationList section */
		282C0AC22A7ABC0700E12EBF /* Build configuration list for PBXProject "Movies_task" */ = {
			isa = XCConfigurationList;
			buildConfigurations = (
				282C0AD92A7ABC0A00E12EBF /* Debug */,
				282C0ADA2A7ABC0A00E12EBF /* Release */,
			);
			defaultConfigurationIsVisible = 0;
			defaultConfigurationName = Release;
		};
		282C0ADB2A7ABC0A00E12EBF /* Build configuration list for PBXNativeTarget "Movies_task" */ = {
			isa = XCConfigurationList;
			buildConfigurations = (
				282C0ADC2A7ABC0A00E12EBF /* Debug */,
				282C0ADD2A7ABC0A00E12EBF /* Release */,
			);
			defaultConfigurationIsVisible = 0;
			defaultConfigurationName = Release;
		};
/* End XCConfigurationList section */
	};
	rootObject = 282C0ABF2A7ABC0700E12EBF /* Project object */;
}
